
Microsoft Visual Studio Solution File, Format Version 12.00
# Visual Studio Version 17
VisualStudioVersion = 17.13.35931.197
MinimumVisualStudioVersion = 10.0.40219.1
Project("{FAE04EC0-301F-11D3-BF4B-00C04F79EFBC}") = "PeliculasAPI", "PeliculasAPI\PeliculasAPI.csproj", "{F0F7DC4F-87DE-4E4C-9F7C-A0231337622C}"
EndProject
Project("{FAE04EC0-301F-11D3-BF4B-00C04F79EFBC}") = "PeliculasAPIPruebas", "PeliculasAPIPruebas\PeliculasAPIPruebas.csproj", "{E4CFB104-D216-4146-9ABE-3B06FD31B413}"
EndProject
Global
	GlobalSection(SolutionConfigurationPlatforms) = preSolution
		Debug|Any CPU = Debug|Any CPU
		Release|Any CPU = Release|Any CPU
	EndGlobalSection
	GlobalSection(ProjectConfigurationPlatforms) = postSolution
		{F0F7DC4F-87DE-4E4C-9F7C-A0231337622C}.Debug|Any CPU.ActiveCfg = Debug|Any CPU
		{F0F7DC4F-87DE-4E4C-9F7C-A0231337622C}.Debug|Any CPU.Build.0 = Debug|Any CPU
		{F0F7DC4F-87DE-4E4C-9F7C-A0231337622C}.Release|Any CPU.ActiveCfg = Release|Any CPU
		{F0F7DC4F-87DE-4E4C-9F7C-A0231337622C}.Release|Any CPU.Build.0 = Release|Any CPU
		{E4CFB104-D216-4146-9ABE-3B06FD31B413}.Debug|Any CPU.ActiveCfg = Debug|Any CPU
		{E4CFB104-D216-4146-9ABE-3B06FD31B413}.Debug|Any CPU.Build.0 = Debug|Any CPU
		{E4CFB104-D216-4146-9ABE-3B06FD31B413}.Release|Any CPU.ActiveCfg = Release|Any CPU
		{E4CFB104-D216-4146-9ABE-3B06FD31B413}.Release|Any CPU.Build.0 = Release|Any CPU
	EndGlobalSection
	GlobalSection(SolutionProperties) = preSolution
		HideSolutionNode = FALSE
	EndGlobalSection
	GlobalSection(ExtensibilityGlobals) = postSolution
		SolutionGuid = {F74325C9-0792-47B9-AABA-2453D6B513E0}
	EndGlobalSection
EndGlobal
